
Microsoft Visual Studio Solution File, Format Version 12.00
# Visual Studio Version 17
VisualStudioVersion = 17.3.32922.545
MinimumVisualStudioVersion = 10.0.40219.1
Project("{FAE04EC0-301F-11D3-BF4B-00C04F79EFBC}") = "API", "API\API.csproj", "{37FBA850-B914-43A7-99C9-E25832D83ADC}"
EndProject
Project("{FAE04EC0-301F-11D3-BF4B-00C04F79EFBC}") = "Domain", "Domain\Domain.csproj", "{22EF30A5-58FE-493D-B70E-FA715751D326}"
EndProject
Project("{FAE04EC0-301F-11D3-BF4B-00C04F79EFBC}") = "Data", "Data\Data.csproj", "{BE293B49-C14B-4F1B-95C2-F8DECD2EF6CF}"
EndProject
Project("{FAE04EC0-301F-11D3-BF4B-00C04F79EFBC}") = "Service", "Service\Service.csproj", "{98ADAF49-F5A3-4599-AACD-38B3E23239FC}"
EndProject
Project("{FAE04EC0-301F-11D3-BF4B-00C04F79EFBC}") = "CrossCutting", "CrossCutting\CrossCutting.csproj", "{CC2906E6-75E2-4B55-A096-C00B5A9FE4FD}"
EndProject
Global
	GlobalSection(SolutionConfigurationPlatforms) = preSolution
		Debug|Any CPU = Debug|Any CPU
		Release|Any CPU = Release|Any CPU
	EndGlobalSection
	GlobalSection(ProjectConfigurationPlatforms) = postSolution
		{37FBA850-B914-43A7-99C9-E25832D83ADC}.Debug|Any CPU.ActiveCfg = Debug|Any CPU
		{37FBA850-B914-43A7-99C9-E25832D83ADC}.Debug|Any CPU.Build.0 = Debug|Any CPU
		{37FBA850-B914-43A7-99C9-E25832D83ADC}.Release|Any CPU.ActiveCfg = Release|Any CPU
		{37FBA850-B914-43A7-99C9-E25832D83ADC}.Release|Any CPU.Build.0 = Release|Any CPU
		{22EF30A5-58FE-493D-B70E-FA715751D326}.Debug|Any CPU.ActiveCfg = Debug|Any CPU
		{22EF30A5-58FE-493D-B70E-FA715751D326}.Debug|Any CPU.Build.0 = Debug|Any CPU
		{22EF30A5-58FE-493D-B70E-FA715751D326}.Release|Any CPU.ActiveCfg = Release|Any CPU
		{22EF30A5-58FE-493D-B70E-FA715751D326}.Release|Any CPU.Build.0 = Release|Any CPU
		{BE293B49-C14B-4F1B-95C2-F8DECD2EF6CF}.Debug|Any CPU.ActiveCfg = Debug|Any CPU
		{BE293B49-C14B-4F1B-95C2-F8DECD2EF6CF}.Debug|Any CPU.Build.0 = Debug|Any CPU
		{BE293B49-C14B-4F1B-95C2-F8DECD2EF6CF}.Release|Any CPU.ActiveCfg = Release|Any CPU
		{BE293B49-C14B-4F1B-95C2-F8DECD2EF6CF}.Release|Any CPU.Build.0 = Release|Any CPU
		{98ADAF49-F5A3-4599-AACD-38B3E23239FC}.Debug|Any CPU.ActiveCfg = Debug|Any CPU
		{98ADAF49-F5A3-4599-AACD-38B3E23239FC}.Debug|Any CPU.Build.0 = Debug|Any CPU
		{98ADAF49-F5A3-4599-AACD-38B3E23239FC}.Release|Any CPU.ActiveCfg = Release|Any CPU
		{98ADAF49-F5A3-4599-AACD-38B3E23239FC}.Release|Any CPU.Build.0 = Release|Any CPU
		{CC2906E6-75E2-4B55-A096-C00B5A9FE4FD}.Debug|Any CPU.ActiveCfg = Debug|Any CPU
		{CC2906E6-75E2-4B55-A096-C00B5A9FE4FD}.Debug|Any CPU.Build.0 = Debug|Any CPU
		{CC2906E6-75E2-4B55-A096-C00B5A9FE4FD}.Release|Any CPU.ActiveCfg = Release|Any CPU
		{CC2906E6-75E2-4B55-A096-C00B5A9FE4FD}.Release|Any CPU.Build.0 = Release|Any CPU
	EndGlobalSection
	GlobalSection(SolutionProperties) = preSolution
		HideSolutionNode = FALSE
	EndGlobalSection
	GlobalSection(ExtensibilityGlobals) = postSolution
		SolutionGuid = {2E2AA5D8-882C-493E-B009-214491620B1D}
	EndGlobalSection
EndGlobal
